// !$*UTF8*$!
{
	archiveVersion = 1;
	classes = {
	};
	objectVersion = 46;
	objects = {

/* Begin PBXBuildFile section */
		95304E7C1F32F036001F76B6 /* AppDelegate.swift in Sources */ = {isa = PBXBuildFile; fileRef = 95304E7B1F32F036001F76B6 /* AppDelegate.swift */; };
		95304E7E1F32F036001F76B6 /* ViewController.swift in Sources */ = {isa = PBXBuildFile; fileRef = 95304E7D1F32F036001F76B6 /* ViewController.swift */; };
		95304E811F32F036001F76B6 /* Main.storyboard in Resources */ = {isa = PBXBuildFile; fileRef = 95304E7F1F32F036001F76B6 /* Main.storyboard */; };
		95304E831F32F036001F76B6 /* Assets.xcassets in Resources */ = {isa = PBXBuildFile; fileRef = 95304E821F32F036001F76B6 /* Assets.xcassets */; };
		95304E861F32F036001F76B6 /* LaunchScreen.storyboard in Resources */ = {isa = PBXBuildFile; fileRef = 95304E841F32F036001F76B6 /* LaunchScreen.storyboard */; };
		95304EF61F3324BF001F76B6 /* MessageStyleView.swift in Sources */ = {isa = PBXBuildFile; fileRef = 95304ED31F3324BF001F76B6 /* MessageStyleView.swift */; };
		95304EF71F3324BF001F76B6 /* MessageStyleView.xib in Resources */ = {isa = PBXBuildFile; fileRef = 95304ED41F3324BF001F76B6 /* MessageStyleView.xib */; };
		95304EF81F3324BF001F76B6 /* NomalStyleView.swift in Sources */ = {isa = PBXBuildFile; fileRef = 95304ED51F3324BF001F76B6 /* NomalStyleView.swift */; };
		95304EF91F3324BF001F76B6 /* NomalStyleView.xib in Resources */ = {isa = PBXBuildFile; fileRef = 95304ED61F3324BF001F76B6 /* NomalStyleView.xib */; };
		95304EFA1F3324BF001F76B6 /* HDAlertViewController.swift in Sources */ = {isa = PBXBuildFile; fileRef = 95304ED71F3324BF001F76B6 /* HDAlertViewController.swift */; };
		95304EFB1F3324BF001F76B6 /* HDAlertWindowView.swift in Sources */ = {isa = PBXBuildFile; fileRef = 95304ED81F3324BF001F76B6 /* HDAlertWindowView.swift */; };
		95304EFC1F3324BF001F76B6 /* PopViewUtil.swift in Sources */ = {isa = PBXBuildFile; fileRef = 95304ED91F3324BF001F76B6 /* PopViewUtil.swift */; };
		95304EFD1F3324BF001F76B6 /* CLImagePickerPhotoModel.swift in Sources */ = {isa = PBXBuildFile; fileRef = 95304EDD1F3324BF001F76B6 /* CLImagePickerPhotoModel.swift */; };
		95304EFE1F3324BF001F76B6 /* btn_back2@2x.png in Resources */ = {isa = PBXBuildFile; fileRef = 95304EDF1F3324BF001F76B6 /* btn_back2@2x.png */; };
		95304EFF1F3324BF001F76B6 /* btn_back2@3x.png in Resources */ = {isa = PBXBuildFile; fileRef = 95304EE01F3324BF001F76B6 /* btn_back2@3x.png */; };
		95304F001F3324BF001F76B6 /* cl_imagepickervedio.png in Resources */ = {isa = PBXBuildFile; fileRef = 95304EE11F3324BF001F76B6 /* cl_imagepickervedio.png */; };
		95304F011F3324BF001F76B6 /* clvedioplaybtn.png in Resources */ = {isa = PBXBuildFile; fileRef = 95304EE21F3324BF001F76B6 /* clvedioplaybtn.png */; };
		95304F021F3324BF001F76B6 /* takePicture.png in Resources */ = {isa = PBXBuildFile; fileRef = 95304EE31F3324BF001F76B6 /* takePicture.png */; };
		95304F031F3324BF001F76B6 /* CLBaseImagePickerViewController.swift in Sources */ = {isa = PBXBuildFile; fileRef = 95304EE51F3324BF001F76B6 /* CLBaseImagePickerViewController.swift */; };
		95304F041F3324BF001F76B6 /* CLImagePickerSingleViewController.swift in Sources */ = {isa = PBXBuildFile; fileRef = 95304EE61F3324BF001F76B6 /* CLImagePickerSingleViewController.swift */; };
		95304F051F3324BF001F76B6 /* CLImagePickerSingleViewController.xib in Resources */ = {isa = PBXBuildFile; fileRef = 95304EE71F3324BF001F76B6 /* CLImagePickerSingleViewController.xib */; };
		95304F061F3324BF001F76B6 /* CLImagePickersViewController.swift in Sources */ = {isa = PBXBuildFile; fileRef = 95304EE81F3324BF001F76B6 /* CLImagePickersViewController.swift */; };
		95304F071F3324BF001F76B6 /* CLCircleView.swift in Sources */ = {isa = PBXBuildFile; fileRef = 95304EEA1F3324BF001F76B6 /* CLCircleView.swift */; };
		95304F081F3324BF001F76B6 /* CLImageAmplifyView.swift in Sources */ = {isa = PBXBuildFile; fileRef = 95304EEB1F3324BF001F76B6 /* CLImageAmplifyView.swift */; };
		95304F091F3324BF001F76B6 /* CLImagePickerCamaroCell.swift in Sources */ = {isa = PBXBuildFile; fileRef = 95304EEC1F3324BF001F76B6 /* CLImagePickerCamaroCell.swift */; };
		95304F0A1F3324BF001F76B6 /* CLImagePickerListCell.swift in Sources */ = {isa = PBXBuildFile; fileRef = 95304EED1F3324BF001F76B6 /* CLImagePickerListCell.swift */; };
		95304F0B1F3324BF001F76B6 /* CLImagePickerListCell.xib in Resources */ = {isa = PBXBuildFile; fileRef = 95304EEE1F3324BF001F76B6 /* CLImagePickerListCell.xib */; };
		95304F0C1F3324C0001F76B6 /* CLVideoPlayView.swift in Sources */ = {isa = PBXBuildFile; fileRef = 95304EEF1F3324BF001F76B6 /* CLVideoPlayView.swift */; };
		95304F0D1F3324C0001F76B6 /* CustomNavgationView.swift in Sources */ = {isa = PBXBuildFile; fileRef = 95304EF01F3324BF001F76B6 /* CustomNavgationView.swift */; };
		95304F0E1F3324C0001F76B6 /* ImagePickerChooseImageCell.swift in Sources */ = {isa = PBXBuildFile; fileRef = 95304EF11F3324BF001F76B6 /* ImagePickerChooseImageCell.swift */; };
		95304F0F1F3324C0001F76B6 /* ImagePickerChooseImageCell.xib in Resources */ = {isa = PBXBuildFile; fileRef = 95304EF21F3324BF001F76B6 /* ImagePickerChooseImageCell.xib */; };
		95304F101F3324C0001F76B6 /* CLPickersTools.swift in Sources */ = {isa = PBXBuildFile; fileRef = 95304EF31F3324BF001F76B6 /* CLPickersTools.swift */; };
		95304F111F3324C0001F76B6 /* CLConfig.swift in Sources */ = {isa = PBXBuildFile; fileRef = 95304EF41F3324BF001F76B6 /* CLConfig.swift */; };
		95304F121F3324C0001F76B6 /* CLImagePickersTool.swift in Sources */ = {isa = PBXBuildFile; fileRef = 95304EF51F3324BF001F76B6 /* CLImagePickersTool.swift */; };
		95304F321F334187001F76B6 /* CLImagePickerTool.podspec in Resources */ = {isa = PBXBuildFile; fileRef = 95304F311F334187001F76B6 /* CLImagePickerTool.podspec */; };
		95304F341F334867001F76B6 /* BundleUtil.swift in Sources */ = {isa = PBXBuildFile; fileRef = 95304F331F334867001F76B6 /* BundleUtil.swift */; };
		95304F401F3419A5001F76B6 /* photo_sel_photoPicker.png in Resources */ = {isa = PBXBuildFile; fileRef = 95304F3F1F3419A5001F76B6 /* photo_sel_photoPicker.png */; };
/* End PBXBuildFile section */

/* Begin PBXFileReference section */
		95304E781F32F036001F76B6 /* CLImagePickerTool.app */ = {isa = PBXFileReference; explicitFileType = wrapper.application; includeInIndex = 0; path = CLImagePickerTool.app; sourceTree = BUILT_PRODUCTS_DIR; };
		95304E7B1F32F036001F76B6 /* AppDelegate.swift */ = {isa = PBXFileReference; lastKnownFileType = sourcecode.swift; path = AppDelegate.swift; sourceTree = "<group>"; };
		95304E7D1F32F036001F76B6 /* ViewController.swift */ = {isa = PBXFileReference; lastKnownFileType = sourcecode.swift; path = ViewController.swift; sourceTree = "<group>"; };
		95304E801F32F036001F76B6 /* Base */ = {isa = PBXFileReference; lastKnownFileType = file.storyboard; name = Base; path = Base.lproj/Main.storyboard; sourceTree = "<group>"; };
		95304E821F32F036001F76B6 /* Assets.xcassets */ = {isa = PBXFileReference; lastKnownFileType = folder.assetcatalog; path = Assets.xcassets; sourceTree = "<group>"; };
		95304E851F32F036001F76B6 /* Base */ = {isa = PBXFileReference; lastKnownFileType = file.storyboard; name = Base; path = Base.lproj/LaunchScreen.storyboard; sourceTree = "<group>"; };
		95304E871F32F036001F76B6 /* Info.plist */ = {isa = PBXFileReference; lastKnownFileType = text.plist.xml; path = Info.plist; sourceTree = "<group>"; };
		95304ED31F3324BF001F76B6 /* MessageStyleView.swift */ = {isa = PBXFileReference; fileEncoding = 4; lastKnownFileType = sourcecode.swift; path = MessageStyleView.swift; sourceTree = "<group>"; };
		95304ED41F3324BF001F76B6 /* MessageStyleView.xib */ = {isa = PBXFileReference; fileEncoding = 4; lastKnownFileType = file.xib; path = MessageStyleView.xib; sourceTree = "<group>"; };
		95304ED51F3324BF001F76B6 /* NomalStyleView.swift */ = {isa = PBXFileReference; fileEncoding = 4; lastKnownFileType = sourcecode.swift; path = NomalStyleView.swift; sourceTree = "<group>"; };
		95304ED61F3324BF001F76B6 /* NomalStyleView.xib */ = {isa = PBXFileReference; fileEncoding = 4; lastKnownFileType = file.xib; path = NomalStyleView.xib; sourceTree = "<group>"; };
		95304ED71F3324BF001F76B6 /* HDAlertViewController.swift */ = {isa = PBXFileReference; fileEncoding = 4; lastKnownFileType = sourcecode.swift; path = HDAlertViewController.swift; sourceTree = "<group>"; };
		95304ED81F3324BF001F76B6 /* HDAlertWindowView.swift */ = {isa = PBXFileReference; fileEncoding = 4; lastKnownFileType = sourcecode.swift; path = HDAlertWindowView.swift; sourceTree = "<group>"; };
		95304ED91F3324BF001F76B6 /* PopViewUtil.swift */ = {isa = PBXFileReference; fileEncoding = 4; lastKnownFileType = sourcecode.swift; path = PopViewUtil.swift; sourceTree = "<group>"; };
		95304EDD1F3324BF001F76B6 /* CLImagePickerPhotoModel.swift */ = {isa = PBXFileReference; fileEncoding = 4; lastKnownFileType = sourcecode.swift; path = CLImagePickerPhotoModel.swift; sourceTree = "<group>"; };
		95304EDF1F3324BF001F76B6 /* btn_back2@2x.png */ = {isa = PBXFileReference; lastKnownFileType = image.png; path = "btn_back2@2x.png"; sourceTree = "<group>"; };
		95304EE01F3324BF001F76B6 /* btn_back2@3x.png */ = {isa = PBXFileReference; lastKnownFileType = image.png; path = "btn_back2@3x.png"; sourceTree = "<group>"; };
		95304EE11F3324BF001F76B6 /* cl_imagepickervedio.png */ = {isa = PBXFileReference; lastKnownFileType = image.png; path = cl_imagepickervedio.png; sourceTree = "<group>"; };
		95304EE21F3324BF001F76B6 /* clvedioplaybtn.png */ = {isa = PBXFileReference; lastKnownFileType = image.png; path = clvedioplaybtn.png; sourceTree = "<group>"; };
		95304EE31F3324BF001F76B6 /* takePicture.png */ = {isa = PBXFileReference; lastKnownFileType = image.png; path = takePicture.png; sourceTree = "<group>"; };
		95304EE51F3324BF001F76B6 /* CLBaseImagePickerViewController.swift */ = {isa = PBXFileReference; fileEncoding = 4; lastKnownFileType = sourcecode.swift; path = CLBaseImagePickerViewController.swift; sourceTree = "<group>"; };
		95304EE61F3324BF001F76B6 /* CLImagePickerSingleViewController.swift */ = {isa = PBXFileReference; fileEncoding = 4; lastKnownFileType = sourcecode.swift; path = CLImagePickerSingleViewController.swift; sourceTree = "<group>"; };
		95304EE71F3324BF001F76B6 /* CLImagePickerSingleViewController.xib */ = {isa = PBXFileReference; fileEncoding = 4; lastKnownFileType = file.xib; path = CLImagePickerSingleViewController.xib; sourceTree = "<group>"; };
		95304EE81F3324BF001F76B6 /* CLImagePickersViewController.swift */ = {isa = PBXFileReference; fileEncoding = 4; lastKnownFileType = sourcecode.swift; path = CLImagePickersViewController.swift; sourceTree = "<group>"; };
		95304EEA1F3324BF001F76B6 /* CLCircleView.swift */ = {isa = PBXFileReference; fileEncoding = 4; lastKnownFileType = sourcecode.swift; path = CLCircleView.swift; sourceTree = "<group>"; };
		95304EEB1F3324BF001F76B6 /* CLImageAmplifyView.swift */ = {isa = PBXFileReference; fileEncoding = 4; lastKnownFileType = sourcecode.swift; path = CLImageAmplifyView.swift; sourceTree = "<group>"; };
		95304EEC1F3324BF001F76B6 /* CLImagePickerCamaroCell.swift */ = {isa = PBXFileReference; fileEncoding = 4; lastKnownFileType = sourcecode.swift; path = CLImagePickerCamaroCell.swift; sourceTree = "<group>"; };
		95304EED1F3324BF001F76B6 /* CLImagePickerListCell.swift */ = {isa = PBXFileReference; fileEncoding = 4; lastKnownFileType = sourcecode.swift; path = CLImagePickerListCell.swift; sourceTree = "<group>"; };
		95304EEE1F3324BF001F76B6 /* CLImagePickerListCell.xib */ = {isa = PBXFileReference; fileEncoding = 4; lastKnownFileType = file.xib; path = CLImagePickerListCell.xib; sourceTree = "<group>"; };
		95304EEF1F3324BF001F76B6 /* CLVideoPlayView.swift */ = {isa = PBXFileReference; fileEncoding = 4; lastKnownFileType = sourcecode.swift; path = CLVideoPlayView.swift; sourceTree = "<group>"; };
		95304EF01F3324BF001F76B6 /* CustomNavgationView.swift */ = {isa = PBXFileReference; fileEncoding = 4; lastKnownFileType = sourcecode.swift; path = CustomNavgationView.swift; sourceTree = "<group>"; };
		95304EF11F3324BF001F76B6 /* ImagePickerChooseImageCell.swift */ = {isa = PBXFileReference; fileEncoding = 4; lastKnownFileType = sourcecode.swift; path = ImagePickerChooseImageCell.swift; sourceTree = "<group>"; };
		95304EF21F3324BF001F76B6 /* ImagePickerChooseImageCell.xib */ = {isa = PBXFileReference; fileEncoding = 4; lastKnownFileType = file.xib; path = ImagePickerChooseImageCell.xib; sourceTree = "<group>"; };
		95304EF31F3324BF001F76B6 /* CLPickersTools.swift */ = {isa = PBXFileReference; fileEncoding = 4; lastKnownFileType = sourcecode.swift; path = CLPickersTools.swift; sourceTree = "<group>"; };
		95304EF41F3324BF001F76B6 /* CLConfig.swift */ = {isa = PBXFileReference; fileEncoding = 4; lastKnownFileType = sourcecode.swift; path = CLConfig.swift; sourceTree = "<group>"; };
		95304EF51F3324BF001F76B6 /* CLImagePickersTool.swift */ = {isa = PBXFileReference; fileEncoding = 4; lastKnownFileType = sourcecode.swift; path = CLImagePickersTool.swift; sourceTree = "<group>"; };
		95304F311F334187001F76B6 /* CLImagePickerTool.podspec */ = {isa = PBXFileReference; fileEncoding = 4; lastKnownFileType = text; path = CLImagePickerTool.podspec; sourceTree = "<group>"; };
		95304F331F334867001F76B6 /* BundleUtil.swift */ = {isa = PBXFileReference; fileEncoding = 4; lastKnownFileType = sourcecode.swift; path = BundleUtil.swift; sourceTree = "<group>"; };
		95304F3F1F3419A5001F76B6 /* photo_sel_photoPicker.png */ = {isa = PBXFileReference; lastKnownFileType = image.png; path = photo_sel_photoPicker.png; sourceTree = "<group>"; };
/* End PBXFileReference section */

/* Begin PBXFrameworksBuildPhase section */
		95304E751F32F036001F76B6 /* Frameworks */ = {
			isa = PBXFrameworksBuildPhase;
			buildActionMask = 2147483647;
			files = (
			);
			runOnlyForDeploymentPostprocessing = 0;
		};
/* End PBXFrameworksBuildPhase section */

/* Begin PBXGroup section */
		95304E6F1F32F036001F76B6 = {
			isa = PBXGroup;
			children = (
				95304E7A1F32F036001F76B6 /* CLImagePickerTool */,
				95304E791F32F036001F76B6 /* Products */,
			);
			sourceTree = "<group>";
		};
		95304E791F32F036001F76B6 /* Products */ = {
			isa = PBXGroup;
			children = (
				95304E781F32F036001F76B6 /* CLImagePickerTool.app */,
			);
			name = Products;
			sourceTree = "<group>";
		};
		95304E7A1F32F036001F76B6 /* CLImagePickerTool */ = {
			isa = PBXGroup;
			children = (
				95304F311F334187001F76B6 /* CLImagePickerTool.podspec */,
				95304E8E1F32F131001F76B6 /* CLImagePickerTool */,
				95304E8D1F32F0A8001F76B6 /* other */,
			);
			path = CLImagePickerTool;
			sourceTree = "<group>";
		};
		95304E8D1F32F0A8001F76B6 /* other */ = {
			isa = PBXGroup;
			children = (
				95304E7B1F32F036001F76B6 /* AppDelegate.swift */,
				95304E7D1F32F036001F76B6 /* ViewController.swift */,
				95304E7F1F32F036001F76B6 /* Main.storyboard */,
				95304E821F32F036001F76B6 /* Assets.xcassets */,
				95304E841F32F036001F76B6 /* LaunchScreen.storyboard */,
				95304E871F32F036001F76B6 /* Info.plist */,
			);
			name = other;
			sourceTree = "<group>";
		};
		95304E8E1F32F131001F76B6 /* CLImagePickerTool */ = {
			isa = PBXGroup;
			children = (
				95304ED11F3324BF001F76B6 /* pop */,
				95304EDC1F3324BF001F76B6 /* model */,
				95304EDE1F3324BF001F76B6 /* images */,
				95304EE41F3324BF001F76B6 /* controller */,
				95304EE91F3324BF001F76B6 /* views */,
				95304EF31F3324BF001F76B6 /* CLPickersTools.swift */,
				95304EF41F3324BF001F76B6 /* CLConfig.swift */,
				95304EF51F3324BF001F76B6 /* CLImagePickersTool.swift */,
				95304F331F334867001F76B6 /* BundleUtil.swift */,
			);
			path = CLImagePickerTool;
			sourceTree = "<group>";
		};
		95304ED11F3324BF001F76B6 /* pop */ = {
			isa = PBXGroup;
			children = (
				95304ED21F3324BF001F76B6 /* AlertViews */,
				95304ED71F3324BF001F76B6 /* HDAlertViewController.swift */,
				95304ED81F3324BF001F76B6 /* HDAlertWindowView.swift */,
				95304ED91F3324BF001F76B6 /* PopViewUtil.swift */,
				95304EDA1F3324BF001F76B6 /* Resources */,
				95304EDB1F3324BF001F76B6 /* ToastViews */,
			);
			path = pop;
			sourceTree = "<group>";
		};
		95304ED21F3324BF001F76B6 /* AlertViews */ = {
			isa = PBXGroup;
			children = (
				95304ED31F3324BF001F76B6 /* MessageStyleView.swift */,
				95304ED41F3324BF001F76B6 /* MessageStyleView.xib */,
				95304ED51F3324BF001F76B6 /* NomalStyleView.swift */,
				95304ED61F3324BF001F76B6 /* NomalStyleView.xib */,
			);
			path = AlertViews;
			sourceTree = "<group>";
		};
		95304EDA1F3324BF001F76B6 /* Resources */ = {
			isa = PBXGroup;
			children = (
			);
			path = Resources;
			sourceTree = "<group>";
		};
		95304EDB1F3324BF001F76B6 /* ToastViews */ = {
			isa = PBXGroup;
			children = (
			);
			path = ToastViews;
			sourceTree = "<group>";
		};
		95304EDC1F3324BF001F76B6 /* model */ = {
			isa = PBXGroup;
			children = (
				95304EDD1F3324BF001F76B6 /* CLImagePickerPhotoModel.swift */,
			);
			path = model;
			sourceTree = "<group>";
		};
		95304EDE1F3324BF001F76B6 /* images */ = {
			isa = PBXGroup;
			children = (
				95304F3F1F3419A5001F76B6 /* photo_sel_photoPicker.png */,
				95304EDF1F3324BF001F76B6 /* btn_back2@2x.png */,
				95304EE01F3324BF001F76B6 /* btn_back2@3x.png */,
				95304EE11F3324BF001F76B6 /* cl_imagepickervedio.png */,
				95304EE21F3324BF001F76B6 /* clvedioplaybtn.png */,
				95304EE31F3324BF001F76B6 /* takePicture.png */,
			);
			path = images;
			sourceTree = "<group>";
		};
		95304EE41F3324BF001F76B6 /* controller */ = {
			isa = PBXGroup;
			children = (
				95304EE51F3324BF001F76B6 /* CLBaseImagePickerViewController.swift */,
				95304EE81F3324BF001F76B6 /* CLImagePickersViewController.swift */,
				95304EE61F3324BF001F76B6 /* CLImagePickerSingleViewController.swift */,
				95304EE71F3324BF001F76B6 /* CLImagePickerSingleViewController.xib */,
			);
			path = controller;
			sourceTree = "<group>";
		};
		95304EE91F3324BF001F76B6 /* views */ = {
			isa = PBXGroup;
			children = (
				95304EEA1F3324BF001F76B6 /* CLCircleView.swift */,
				95304EEB1F3324BF001F76B6 /* CLImageAmplifyView.swift */,
				95304EEC1F3324BF001F76B6 /* CLImagePickerCamaroCell.swift */,
				95304EED1F3324BF001F76B6 /* CLImagePickerListCell.swift */,
				95304EEE1F3324BF001F76B6 /* CLImagePickerListCell.xib */,
				95304EEF1F3324BF001F76B6 /* CLVideoPlayView.swift */,
				95304EF01F3324BF001F76B6 /* CustomNavgationView.swift */,
				95304EF11F3324BF001F76B6 /* ImagePickerChooseImageCell.swift */,
				95304EF21F3324BF001F76B6 /* ImagePickerChooseImageCell.xib */,
			);
			path = views;
			sourceTree = "<group>";
		};
/* End PBXGroup section */

/* Begin PBXNativeTarget section */
		95304E771F32F036001F76B6 /* CLImagePickerTool */ = {
			isa = PBXNativeTarget;
			buildConfigurationList = 95304E8A1F32F036001F76B6 /* Build configuration list for PBXNativeTarget "CLImagePickerTool" */;
			buildPhases = (
				95304E741F32F036001F76B6 /* Sources */,
				95304E751F32F036001F76B6 /* Frameworks */,
				95304E761F32F036001F76B6 /* Resources */,
			);
			buildRules = (
			);
			dependencies = (
			);
			name = CLImagePickerTool;
			productName = CLImagePickerTool;
			productReference = 95304E781F32F036001F76B6 /* CLImagePickerTool.app */;
			productType = "com.apple.product-type.application";
		};
/* End PBXNativeTarget section */

/* Begin PBXProject section */
		95304E701F32F036001F76B6 /* Project object */ = {
			isa = PBXProject;
			attributes = {
				LastSwiftUpdateCheck = 0830;
				LastUpgradeCheck = 0830;
				ORGANIZATIONNAME = "陈亮陈亮";
				TargetAttributes = {
					95304E771F32F036001F76B6 = {
						CreatedOnToolsVersion = 8.3.3;
						DevelopmentTeam = X3GVR7H4ML;
						ProvisioningStyle = Automatic;
					};
				};
			};
			buildConfigurationList = 95304E731F32F036001F76B6 /* Build configuration list for PBXProject "CLImagePickerTool" */;
			compatibilityVersion = "Xcode 3.2";
			developmentRegion = English;
			hasScannedForEncodings = 0;
			knownRegions = (
				en,
				Base,
			);
			mainGroup = 95304E6F1F32F036001F76B6;
			productRefGroup = 95304E791F32F036001F76B6 /* Products */;
			projectDirPath = "";
			projectRoot = "";
			targets = (
				95304E771F32F036001F76B6 /* CLImagePickerTool */,
			);
		};
/* End PBXProject section */

/* Begin PBXResourcesBuildPhase section */
		95304E761F32F036001F76B6 /* Resources */ = {
			isa = PBXResourcesBuildPhase;
			buildActionMask = 2147483647;
			files = (
				95304F001F3324BF001F76B6 /* cl_imagepickervedio.png in Resources */,
				95304F021F3324BF001F76B6 /* takePicture.png in Resources */,
				95304F0B1F3324BF001F76B6 /* CLImagePickerListCell.xib in Resources */,
				95304F321F334187001F76B6 /* CLImagePickerTool.podspec in Resources */,
				95304E861F32F036001F76B6 /* LaunchScreen.storyboard in Resources */,
				95304EFE1F3324BF001F76B6 /* btn_back2@2x.png in Resources */,
				95304E831F32F036001F76B6 /* Assets.xcassets in Resources */,
				95304EF91F3324BF001F76B6 /* NomalStyleView.xib in Resources */,
				95304F011F3324BF001F76B6 /* clvedioplaybtn.png in Resources */,
				95304EF71F3324BF001F76B6 /* MessageStyleView.xib in Resources */,
				95304F051F3324BF001F76B6 /* CLImagePickerSingleViewController.xib in Resources */,
				95304EFF1F3324BF001F76B6 /* btn_back2@3x.png in Resources */,
				95304E811F32F036001F76B6 /* Main.storyboard in Resources */,
				95304F401F3419A5001F76B6 /* photo_sel_photoPicker.png in Resources */,
				95304F0F1F3324C0001F76B6 /* ImagePickerChooseImageCell.xib in Resources */,
			);
			runOnlyForDeploymentPostprocessing = 0;
		};
/* End PBXResourcesBuildPhase section */

/* Begin PBXSourcesBuildPhase section */
		95304E741F32F036001F76B6 /* Sources */ = {
			isa = PBXSourcesBuildPhase;
			buildActionMask = 2147483647;
			files = (
				95304E7E1F32F036001F76B6 /* ViewController.swift in Sources */,
				95304EF61F3324BF001F76B6 /* MessageStyleView.swift in Sources */,
				95304F121F3324C0001F76B6 /* CLImagePickersTool.swift in Sources */,
				95304EF81F3324BF001F76B6 /* NomalStyleView.swift in Sources */,
				95304F0D1F3324C0001F76B6 /* CustomNavgationView.swift in Sources */,
				95304F0A1F3324BF001F76B6 /* CLImagePickerListCell.swift in Sources */,
				95304F041F3324BF001F76B6 /* CLImagePickerSingleViewController.swift in Sources */,
				95304F111F3324C0001F76B6 /* CLConfig.swift in Sources */,
				95304EFD1F3324BF001F76B6 /* CLImagePickerPhotoModel.swift in Sources */,
				95304EFB1F3324BF001F76B6 /* HDAlertWindowView.swift in Sources */,
				95304F0E1F3324C0001F76B6 /* ImagePickerChooseImageCell.swift in Sources */,
				95304F0C1F3324C0001F76B6 /* CLVideoPlayView.swift in Sources */,
				95304F101F3324C0001F76B6 /* CLPickersTools.swift in Sources */,
				95304F081F3324BF001F76B6 /* CLImageAmplifyView.swift in Sources */,
				95304F031F3324BF001F76B6 /* CLBaseImagePickerViewController.swift in Sources */,
				95304F061F3324BF001F76B6 /* CLImagePickersViewController.swift in Sources */,
				95304EFC1F3324BF001F76B6 /* PopViewUtil.swift in Sources */,
				95304F071F3324BF001F76B6 /* CLCircleView.swift in Sources */,
				95304E7C1F32F036001F76B6 /* AppDelegate.swift in Sources */,
				95304EFA1F3324BF001F76B6 /* HDAlertViewController.swift in Sources */,
				95304F091F3324BF001F76B6 /* CLImagePickerCamaroCell.swift in Sources */,
				95304F341F334867001F76B6 /* BundleUtil.swift in Sources */,
			);
			runOnlyForDeploymentPostprocessing = 0;
		};
/* End PBXSourcesBuildPhase section */

/* Begin PBXVariantGroup section */
		95304E7F1F32F036001F76B6 /* Main.storyboard */ = {
			isa = PBXVariantGroup;
			children = (
				95304E801F32F036001F76B6 /* Base */,
			);
			name = Main.storyboard;
			sourceTree = "<group>";
		};
		95304E841F32F036001F76B6 /* LaunchScreen.storyboard */ = {
			isa = PBXVariantGroup;
			children = (
				95304E851F32F036001F76B6 /* Base */,
			);
			name = LaunchScreen.storyboard;
			sourceTree = "<group>";
		};
/* End PBXVariantGroup section */

/* Begin XCBuildConfiguration section */
		95304E881F32F036001F76B6 /* Debug */ = {
			isa = XCBuildConfiguration;
			buildSettings = {
				ALWAYS_SEARCH_USER_PATHS = NO;
				CLANG_ANALYZER_NONNULL = YES;
				CLANG_ANALYZER_NUMBER_OBJECT_CONVERSION = YES_AGGRESSIVE;
				CLANG_CXX_LANGUAGE_STANDARD = "gnu++0x";
				CLANG_CXX_LIBRARY = "libc++";
				CLANG_ENABLE_MODULES = YES;
				CLANG_ENABLE_OBJC_ARC = YES;
				CLANG_WARN_BOOL_CONVERSION = YES;
				CLANG_WARN_CONSTANT_CONVERSION = YES;
				CLANG_WARN_DIRECT_OBJC_ISA_USAGE = YES_ERROR;
				CLANG_WARN_DOCUMENTATION_COMMENTS = YES;
				CLANG_WARN_EMPTY_BODY = YES;
				CLANG_WARN_ENUM_CONVERSION = YES;
				CLANG_WARN_INFINITE_RECURSION = YES;
				CLANG_WARN_INT_CONVERSION = YES;
				CLANG_WARN_OBJC_ROOT_CLASS = YES_ERROR;
				CLANG_WARN_SUSPICIOUS_MOVE = YES;
				CLANG_WARN_UNREACHABLE_CODE = YES;
				CLANG_WARN__DUPLICATE_METHOD_MATCH = YES;
				"CODE_SIGN_IDENTITY[sdk=iphoneos*]" = "iPhone Developer";
				COPY_PHASE_STRIP = NO;
				DEBUG_INFORMATION_FORMAT = dwarf;
				ENABLE_STRICT_OBJC_MSGSEND = YES;
				ENABLE_TESTABILITY = YES;
				GCC_C_LANGUAGE_STANDARD = gnu99;
				GCC_DYNAMIC_NO_PIC = NO;
				GCC_NO_COMMON_BLOCKS = YES;
				GCC_OPTIMIZATION_LEVEL = 0;
				GCC_PREPROCESSOR_DEFINITIONS = (
					"DEBUG=1",
					"$(inherited)",
				);
				GCC_WARN_64_TO_32_BIT_CONVERSION = YES;
				GCC_WARN_ABOUT_RETURN_TYPE = YES_ERROR;
				GCC_WARN_UNDECLARED_SELECTOR = YES;
				GCC_WARN_UNINITIALIZED_AUTOS = YES_AGGRESSIVE;
				GCC_WARN_UNUSED_FUNCTION = YES;
				GCC_WARN_UNUSED_VARIABLE = YES;
				IPHONEOS_DEPLOYMENT_TARGET = 10.3;
				MTL_ENABLE_DEBUG_INFO = YES;
				ONLY_ACTIVE_ARCH = YES;
				SDKROOT = iphoneos;
				SWIFT_ACTIVE_COMPILATION_CONDITIONS = DEBUG;
				SWIFT_OPTIMIZATION_LEVEL = "-Onone";
			};
			name = Debug;
		};
		95304E891F32F036001F76B6 /* Release */ = {
			isa = XCBuildConfiguration;
			buildSettings = {
				ALWAYS_SEARCH_USER_PATHS = NO;
				CLANG_ANALYZER_NONNULL = YES;
				CLANG_ANALYZER_NUMBER_OBJECT_CONVERSION = YES_AGGRESSIVE;
				CLANG_CXX_LANGUAGE_STANDARD = "gnu++0x";
				CLANG_CXX_LIBRARY = "libc++";
				CLANG_ENABLE_MODULES = YES;
				CLANG_ENABLE_OBJC_ARC = YES;
				CLANG_WARN_BOOL_CONVERSION = YES;
				CLANG_WARN_CONSTANT_CONVERSION = YES;
				CLANG_WARN_DIRECT_OBJC_ISA_USAGE = YES_ERROR;
				CLANG_WARN_DOCUMENTATION_COMMENTS = YES;
				CLANG_WARN_EMPTY_BODY = YES;
				CLANG_WARN_ENUM_CONVERSION = YES;
				CLANG_WARN_INFINITE_RECURSION = YES;
				CLANG_WARN_INT_CONVERSION = YES;
				CLANG_WARN_OBJC_ROOT_CLASS = YES_ERROR;
				CLANG_WARN_SUSPICIOUS_MOVE = YES;
				CLANG_WARN_UNREACHABLE_CODE = YES;
				CLANG_WARN__DUPLICATE_METHOD_MATCH = YES;
				"CODE_SIGN_IDENTITY[sdk=iphoneos*]" = "iPhone Developer";
				COPY_PHASE_STRIP = NO;
				DEBUG_INFORMATION_FORMAT = "dwarf-with-dsym";
				ENABLE_NS_ASSERTIONS = NO;
				ENABLE_STRICT_OBJC_MSGSEND = YES;
				GCC_C_LANGUAGE_STANDARD = gnu99;
				GCC_NO_COMMON_BLOCKS = YES;
				GCC_WARN_64_TO_32_BIT_CONVERSION = YES;
				GCC_WARN_ABOUT_RETURN_TYPE = YES_ERROR;
				GCC_WARN_UNDECLARED_SELECTOR = YES;
				GCC_WARN_UNINITIALIZED_AUTOS = YES_AGGRESSIVE;
				GCC_WARN_UNUSED_FUNCTION = YES;
				GCC_WARN_UNUSED_VARIABLE = YES;
				IPHONEOS_DEPLOYMENT_TARGET = 10.3;
				MTL_ENABLE_DEBUG_INFO = NO;
				SDKROOT = iphoneos;
				SWIFT_OPTIMIZATION_LEVEL = "-Owholemodule";
				VALIDATE_PRODUCT = YES;
			};
			name = Release;
		};
		95304E8B1F32F036001F76B6 /* Debug */ = {
			isa = XCBuildConfiguration;
			buildSettings = {
				ASSETCATALOG_COMPILER_APPICON_NAME = AppIcon;
				DEVELOPMENT_TEAM = X3GVR7H4ML;
				INFOPLIST_FILE = CLImagePickerTool/Info.plist;
				IPHONEOS_DEPLOYMENT_TARGET = 8.0;
				LD_RUNPATH_SEARCH_PATHS = "$(inherited) @executable_path/Frameworks";
				PRODUCT_BUNDLE_IDENTIFIER = hd.CLImagePickerTool;
				PRODUCT_NAME = "$(TARGET_NAME)";
				SWIFT_VERSION = 3.0;
			};
			name = Debug;
		};
		95304E8C1F32F036001F76B6 /* Release */ = {
			isa = XCBuildConfiguration;
			buildSettings = {
				ASSETCATALOG_COMPILER_APPICON_NAME = AppIcon;
				DEVELOPMENT_TEAM = X3GVR7H4ML;
				INFOPLIST_FILE = CLImagePickerTool/Info.plist;
				IPHONEOS_DEPLOYMENT_TARGET = 8.0;
				LD_RUNPATH_SEARCH_PATHS = "$(inherited) @executable_path/Frameworks";
				PRODUCT_BUNDLE_IDENTIFIER = hd.CLImagePickerTool;
				PRODUCT_NAME = "$(TARGET_NAME)";
				SWIFT_VERSION = 3.0;
			};
			name = Release;
		};
/* End XCBuildConfiguration section */

/* Begin XCConfigurationList section */
		95304E731F32F036001F76B6 /* Build configuration list for PBXProject "CLImagePickerTool" */ = {
			isa = XCConfigurationList;
			buildConfigurations = (
				95304E881F32F036001F76B6 /* Debug */,
				95304E891F32F036001F76B6 /* Release */,
			);
			defaultConfigurationIsVisible = 0;
			defaultConfigurationName = Release;
		};
		95304E8A1F32F036001F76B6 /* Build configuration list for PBXNativeTarget "CLImagePickerTool" */ = {
			isa = XCConfigurationList;
			buildConfigurations = (
				95304E8B1F32F036001F76B6 /* Debug */,
				95304E8C1F32F036001F76B6 /* Release */,
			);
			defaultConfigurationIsVisible = 0;
			defaultConfigurationName = Release;
		};
/* End XCConfigurationList section */
	};
	rootObject = 95304E701F32F036001F76B6 /* Project object */;
}
